
Microsoft Visual Studio Solution File, Format Version 12.00
# Visual Studio Version 17
VisualStudioVersion = 17.7.34031.279
MinimumVisualStudioVersion = 10.0.40219.1
Project("{FAE04EC0-301F-11D3-BF4B-00C04F79EFBC}") = "StackOverflowLite.Web", "StackOverflowLite.Web\StackOverflowLite.Web.csproj", "{4BB86ED5-1E7D-4E8A-9CF7-1EB96C6FFF0C}"
EndProject
Global
	GlobalSection(SolutionConfigurationPlatforms) = preSolution
		Debug|Any CPU = Debug|Any CPU
		Release|Any CPU = Release|Any CPU
	EndGlobalSection
	GlobalSection(ProjectConfigurationPlatforms) = postSolution
		{4BB86ED5-1E7D-4E8A-9CF7-1EB96C6FFF0C}.Debug|Any CPU.ActiveCfg = Debug|Any CPU
		{4BB86ED5-1E7D-4E8A-9CF7-1EB96C6FFF0C}.Debug|Any CPU.Build.0 = Debug|Any CPU
		{4BB86ED5-1E7D-4E8A-9CF7-1EB96C6FFF0C}.Release|Any CPU.ActiveCfg = Release|Any CPU
		{4BB86ED5-1E7D-4E8A-9CF7-1EB96C6FFF0C}.Release|Any CPU.Build.0 = Release|Any CPU
	EndGlobalSection
	GlobalSection(SolutionProperties) = preSolution
		HideSolutionNode = FALSE
	EndGlobalSection
	GlobalSection(ExtensibilityGlobals) = postSolution
		SolutionGuid = {64A309BA-26BE-4C72-86A8-EBD321FF14F1}
	EndGlobalSection
EndGlobal
